
Microsoft Visual Studio Solution File, Format Version 12.00
# Visual Studio Version 16
VisualStudioVersion = 16.0.31019.35
MinimumVisualStudioVersion = 10.0.40219.1
Project("{FAE04EC0-301F-11D3-BF4B-00C04F79EFBC}") = "VonDollen_Thomas_Assigment_11A", "VonDollen_Thomas_Assignment_11A\VonDollen_Thomas_Assignment_11A.csproj", "{A99D9CA9-DDAA-4B58-888C-7EB18B118206}"
EndProject
Global
	GlobalSection(SolutionConfigurationPlatforms) = preSolution
		Debug|Any CPU = Debug|Any CPU
		Release|Any CPU = Release|Any CPU
	EndGlobalSection
	GlobalSection(ProjectConfigurationPlatforms) = postSolution
		{A99D9CA9-DDAA-4B58-888C-7EB18B118206}.Debug|Any CPU.ActiveCfg = Debug|Any CPU
		{A99D9CA9-DDAA-4B58-888C-7EB18B118206}.Debug|Any CPU.Build.0 = Debug|Any CPU
		{A99D9CA9-DDAA-4B58-888C-7EB18B118206}.Release|Any CPU.ActiveCfg = Release|Any CPU
		{A99D9CA9-DDAA-4B58-888C-7EB18B118206}.Release|Any CPU.Build.0 = Release|Any CPU
	EndGlobalSection
	GlobalSection(SolutionProperties) = preSolution
		HideSolutionNode = FALSE
	EndGlobalSection
	GlobalSection(ExtensibilityGlobals) = postSolution
		SolutionGuid = {4E26E713-7B4A-4C30-9CC9-E038DFC7FD91}
	EndGlobalSection
EndGlobal
